
Microsoft Visual Studio Solution File, Format Version 12.00
# Visual Studio 14
VisualStudioVersion = 14.0.25420.1
MinimumVisualStudioVersion = 10.0.40219.1
Project("{FAE04EC0-301F-11D3-BF4B-00C04F79EFBC}") = "PubSub.Server", "PubSub.Server\PubSub.Server.csproj", "{F463FB8D-1A74-4126-8DC6-3836AB0F8A80}"
EndProject
Project("{FAE04EC0-301F-11D3-BF4B-00C04F79EFBC}") = "PubSub.Client", "PubSub.Client\PubSub.Client.csproj", "{2D45702E-C629-425E-A1A0-FDF738C6D387}"
EndProject
Global
	GlobalSection(SolutionConfigurationPlatforms) = preSolution
		Debug|Any CPU = Debug|Any CPU
		Release|Any CPU = Release|Any CPU
	EndGlobalSection
	GlobalSection(ProjectConfigurationPlatforms) = postSolution
		{F463FB8D-1A74-4126-8DC6-3836AB0F8A80}.Debug|Any CPU.ActiveCfg = Debug|Any CPU
		{F463FB8D-1A74-4126-8DC6-3836AB0F8A80}.Debug|Any CPU.Build.0 = Debug|Any CPU
		{F463FB8D-1A74-4126-8DC6-3836AB0F8A80}.Release|Any CPU.ActiveCfg = Release|Any CPU
		{F463FB8D-1A74-4126-8DC6-3836AB0F8A80}.Release|Any CPU.Build.0 = Release|Any CPU
		{2D45702E-C629-425E-A1A0-FDF738C6D387}.Debug|Any CPU.ActiveCfg = Debug|Any CPU
		{2D45702E-C629-425E-A1A0-FDF738C6D387}.Debug|Any CPU.Build.0 = Debug|Any CPU
		{2D45702E-C629-425E-A1A0-FDF738C6D387}.Release|Any CPU.ActiveCfg = Release|Any CPU
		{2D45702E-C629-425E-A1A0-FDF738C6D387}.Release|Any CPU.Build.0 = Release|Any CPU
	EndGlobalSection
	GlobalSection(SolutionProperties) = preSolution
		HideSolutionNode = FALSE
	EndGlobalSection
EndGlobal
